
Microsoft Visual Studio Solution File, Format Version 12.00
# Visual Studio Version 16
VisualStudioVersion = 16.0.29025.244
MinimumVisualStudioVersion = 10.0.40219.1
Project("{FAE04EC0-301F-11D3-BF4B-00C04F79EFBC}") = "Freshdesk.NET", "Freshdesk.NET\Freshdesk.NET.csproj", "{D2ECA44D-6224-49A3-AD0C-7DD412547939}"
EndProject
Global
	GlobalSection(SolutionConfigurationPlatforms) = preSolution
		Debug|Any CPU = Debug|Any CPU
		Release|Any CPU = Release|Any CPU
	EndGlobalSection
	GlobalSection(ProjectConfigurationPlatforms) = postSolution
		{D2ECA44D-6224-49A3-AD0C-7DD412547939}.Debug|Any CPU.ActiveCfg = Debug|Any CPU
		{D2ECA44D-6224-49A3-AD0C-7DD412547939}.Debug|Any CPU.Build.0 = Debug|Any CPU
		{D2ECA44D-6224-49A3-AD0C-7DD412547939}.Release|Any CPU.ActiveCfg = Release|Any CPU
		{D2ECA44D-6224-49A3-AD0C-7DD412547939}.Release|Any CPU.Build.0 = Release|Any CPU
	EndGlobalSection
	GlobalSection(SolutionProperties) = preSolution
		HideSolutionNode = FALSE
	EndGlobalSection
	GlobalSection(ExtensibilityGlobals) = postSolution
		SolutionGuid = {63A442E4-6FEF-4106-8598-C03AC549350D}
	EndGlobalSection
EndGlobal
